
Microsoft Visual Studio Solution File, Format Version 12.00
# Visual Studio Version 17
VisualStudioVersion = 17.2.32616.157
MinimumVisualStudioVersion = 10.0.40219.1
Project("{8BC9CEB8-8B4A-11D0-8D11-00A0C91BC942}") = "Inheritance", "Inheritance\Inheritance.vcxproj", "{F787894D-17AB-4DAA-8320-31CE11447235}"
EndProject
Project("{8BC9CEB8-8B4A-11D0-8D11-00A0C91BC942}") = "Academy", "Academy\Academy.vcxproj", "{50FFF012-791B-4CE9-8850-B3E5591A9AB9}"
EndProject
Project("{8BC9CEB8-8B4A-11D0-8D11-00A0C91BC942}") = "Files", "Files\Files.vcxproj", "{2EB773E1-E1F9-414B-91AC-03F4AA330D16}"
EndProject
Global
	GlobalSection(SolutionConfigurationPlatforms) = preSolution
		Debug|x64 = Debug|x64
		Debug|x86 = Debug|x86
		Release|x64 = Release|x64
		Release|x86 = Release|x86
	EndGlobalSection
	GlobalSection(ProjectConfigurationPlatforms) = postSolution
		{F787894D-17AB-4DAA-8320-31CE11447235}.Debug|x64.ActiveCfg = Debug|x64
		{F787894D-17AB-4DAA-8320-31CE11447235}.Debug|x64.Build.0 = Debug|x64
		{F787894D-17AB-4DAA-8320-31CE11447235}.Debug|x86.ActiveCfg = Debug|Win32
		{F787894D-17AB-4DAA-8320-31CE11447235}.Debug|x86.Build.0 = Debug|Win32
		{F787894D-17AB-4DAA-8320-31CE11447235}.Release|x64.ActiveCfg = Release|x64
		{F787894D-17AB-4DAA-8320-31CE11447235}.Release|x64.Build.0 = Release|x64
		{F787894D-17AB-4DAA-8320-31CE11447235}.Release|x86.ActiveCfg = Release|Win32
		{F787894D-17AB-4DAA-8320-31CE11447235}.Release|x86.Build.0 = Release|Win32
		{50FFF012-791B-4CE9-8850-B3E5591A9AB9}.Debug|x64.ActiveCfg = Debug|x64
		{50FFF012-791B-4CE9-8850-B3E5591A9AB9}.Debug|x64.Build.0 = Debug|x64
		{50FFF012-791B-4CE9-8850-B3E5591A9AB9}.Debug|x86.ActiveCfg = Debug|Win32
		{50FFF012-791B-4CE9-8850-B3E5591A9AB9}.Debug|x86.Build.0 = Debug|Win32
		{50FFF012-791B-4CE9-8850-B3E5591A9AB9}.Release|x64.ActiveCfg = Release|x64
		{50FFF012-791B-4CE9-8850-B3E5591A9AB9}.Release|x64.Build.0 = Release|x64
		{50FFF012-791B-4CE9-8850-B3E5591A9AB9}.Release|x86.ActiveCfg = Release|Win32
		{50FFF012-791B-4CE9-8850-B3E5591A9AB9}.Release|x86.Build.0 = Release|Win32
		{2EB773E1-E1F9-414B-91AC-03F4AA330D16}.Debug|x64.ActiveCfg = Debug|x64
		{2EB773E1-E1F9-414B-91AC-03F4AA330D16}.Debug|x64.Build.0 = Debug|x64
		{2EB773E1-E1F9-414B-91AC-03F4AA330D16}.Debug|x86.ActiveCfg = Debug|Win32
		{2EB773E1-E1F9-414B-91AC-03F4AA330D16}.Debug|x86.Build.0 = Debug|Win32
		{2EB773E1-E1F9-414B-91AC-03F4AA330D16}.Release|x64.ActiveCfg = Release|x64
		{2EB773E1-E1F9-414B-91AC-03F4AA330D16}.Release|x64.Build.0 = Release|x64
		{2EB773E1-E1F9-414B-91AC-03F4AA330D16}.Release|x86.ActiveCfg = Release|Win32
		{2EB773E1-E1F9-414B-91AC-03F4AA330D16}.Release|x86.Build.0 = Release|Win32
	EndGlobalSection
	GlobalSection(SolutionProperties) = preSolution
		HideSolutionNode = FALSE
	EndGlobalSection
	GlobalSection(ExtensibilityGlobals) = postSolution
		SolutionGuid = {C45B60CD-781B-4F81-AF46-4BAAA1EDBB49}
	EndGlobalSection
EndGlobal
